
Microsoft Visual Studio Solution File, Format Version 12.00
# Visual Studio 15
VisualStudioVersion = 15.0.28307.902
MinimumVisualStudioVersion = 10.0.40219.1
Project("{FAE04EC0-301F-11D3-BF4B-00C04F79EFBC}") = "FactoryMethod", "FactorySample\FactoryMethod.csproj", "{3AE0AF0D-D591-44D3-9B82-ED75E472C803}"
EndProject
Global
	GlobalSection(SolutionConfigurationPlatforms) = preSolution
		Debug|Any CPU = Debug|Any CPU
		Release|Any CPU = Release|Any CPU
	EndGlobalSection
	GlobalSection(ProjectConfigurationPlatforms) = postSolution
		{3AE0AF0D-D591-44D3-9B82-ED75E472C803}.Debug|Any CPU.ActiveCfg = Debug|Any CPU
		{3AE0AF0D-D591-44D3-9B82-ED75E472C803}.Debug|Any CPU.Build.0 = Debug|Any CPU
		{3AE0AF0D-D591-44D3-9B82-ED75E472C803}.Release|Any CPU.ActiveCfg = Release|Any CPU
		{3AE0AF0D-D591-44D3-9B82-ED75E472C803}.Release|Any CPU.Build.0 = Release|Any CPU
	EndGlobalSection
	GlobalSection(SolutionProperties) = preSolution
		HideSolutionNode = FALSE
	EndGlobalSection
	GlobalSection(ExtensibilityGlobals) = postSolution
		SolutionGuid = {F70AC37D-060B-426B-BF6F-2F15E7514201}
	EndGlobalSection
EndGlobal
